
Microsoft Visual Studio Solution File, Format Version 12.00
# Visual Studio Version 17
VisualStudioVersion = 17.14.36623.8 d17.14
MinimumVisualStudioVersion = 10.0.40219.1
Project("{FAE04EC0-301F-11D3-BF4B-00C04F79EFBC}") = "EjemploLogin", "EjemploLogin\EjemploLogin.csproj", "{63014FD8-4CB8-4674-AE58-FF4B8ECA11AC}"
EndProject
Global
	GlobalSection(SolutionConfigurationPlatforms) = preSolution
		Debug|Any CPU = Debug|Any CPU
		Release|Any CPU = Release|Any CPU
	EndGlobalSection
	GlobalSection(ProjectConfigurationPlatforms) = postSolution
		{63014FD8-4CB8-4674-AE58-FF4B8ECA11AC}.Debug|Any CPU.ActiveCfg = Debug|Any CPU
		{63014FD8-4CB8-4674-AE58-FF4B8ECA11AC}.Debug|Any CPU.Build.0 = Debug|Any CPU
		{63014FD8-4CB8-4674-AE58-FF4B8ECA11AC}.Release|Any CPU.ActiveCfg = Release|Any CPU
		{63014FD8-4CB8-4674-AE58-FF4B8ECA11AC}.Release|Any CPU.Build.0 = Release|Any CPU
	EndGlobalSection
	GlobalSection(SolutionProperties) = preSolution
		HideSolutionNode = FALSE
	EndGlobalSection
	GlobalSection(ExtensibilityGlobals) = postSolution
		SolutionGuid = {09196858-80BE-4BC0-8DDB-8C6486F032E4}
	EndGlobalSection
EndGlobal
